{
  "object": {
    "pins": [
      {
        "package": "SendBirdSDK",
        "repositoryURL": "https://github.com/sendbird/sendbird-ios-framework",
        "state": {
          "branch": null,
          "revision": "c8660aed2cc7c9ba53fa0d30f9788de8c9a8c23c",
          "version": "3.0.224"
        }
      }
    ]
  },
  "version": 1
}
